
Microsoft Visual Studio Solution File, Format Version 12.00
# Visual Studio 15
VisualStudioVersion = 15.0.27428.2043
MinimumVisualStudioVersion = 10.0.40219.1
Project("{FAE04EC0-301F-11D3-BF4B-00C04F79EFBC}") = "React_demo", "React_demo\React_demo.csproj", "{F99B8802-1753-478D-A6A1-FB7760B4FEEA}"
EndProject
Global
	GlobalSection(SolutionConfigurationPlatforms) = preSolution
		Debug|Any CPU = Debug|Any CPU
		Release|Any CPU = Release|Any CPU
	EndGlobalSection
	GlobalSection(ProjectConfigurationPlatforms) = postSolution
		{F99B8802-1753-478D-A6A1-FB7760B4FEEA}.Debug|Any CPU.ActiveCfg = Debug|Any CPU
		{F99B8802-1753-478D-A6A1-FB7760B4FEEA}.Debug|Any CPU.Build.0 = Debug|Any CPU
		{F99B8802-1753-478D-A6A1-FB7760B4FEEA}.Release|Any CPU.ActiveCfg = Release|Any CPU
		{F99B8802-1753-478D-A6A1-FB7760B4FEEA}.Release|Any CPU.Build.0 = Release|Any CPU
	EndGlobalSection
	GlobalSection(SolutionProperties) = preSolution
		HideSolutionNode = FALSE
	EndGlobalSection
	GlobalSection(ExtensibilityGlobals) = postSolution
		SolutionGuid = {012ABA0C-B708-482F-81CA-CCF470C54C9F}
	EndGlobalSection
EndGlobal
